
Microsoft Visual Studio Solution File, Format Version 12.00
# Visual Studio 15
VisualStudioVersion = 15.0.27703.2000
MinimumVisualStudioVersion = 10.0.40219.1
Project("{FAE04EC0-301F-11D3-BF4B-00C04F79EFBC}") = "ServiceResponse", "ServiceResponse\ServiceResponse.csproj", "{700861F2-AE47-445F-AD49-8CA182F526F2}"
EndProject
Project("{FAE04EC0-301F-11D3-BF4B-00C04F79EFBC}") = "SampleApplication", "SampleApplication\SampleApplication.csproj", "{E9E88387-D73E-444C-BCF3-2AD0292D899D}"
EndProject
Project("{FAE04EC0-301F-11D3-BF4B-00C04F79EFBC}") = "SampleWebApi", "SampleWebApi\SampleWebApi.csproj", "{4B288794-927E-42BF-A0CC-B593699DB8DD}"
EndProject
Global
	GlobalSection(SolutionConfigurationPlatforms) = preSolution
		Debug|Any CPU = Debug|Any CPU
		Release|Any CPU = Release|Any CPU
	EndGlobalSection
	GlobalSection(ProjectConfigurationPlatforms) = postSolution
		{700861F2-AE47-445F-AD49-8CA182F526F2}.Debug|Any CPU.ActiveCfg = Debug|Any CPU
		{700861F2-AE47-445F-AD49-8CA182F526F2}.Debug|Any CPU.Build.0 = Debug|Any CPU
		{700861F2-AE47-445F-AD49-8CA182F526F2}.Release|Any CPU.ActiveCfg = Release|Any CPU
		{700861F2-AE47-445F-AD49-8CA182F526F2}.Release|Any CPU.Build.0 = Release|Any CPU
		{E9E88387-D73E-444C-BCF3-2AD0292D899D}.Debug|Any CPU.ActiveCfg = Debug|Any CPU
		{E9E88387-D73E-444C-BCF3-2AD0292D899D}.Debug|Any CPU.Build.0 = Debug|Any CPU
		{E9E88387-D73E-444C-BCF3-2AD0292D899D}.Release|Any CPU.ActiveCfg = Release|Any CPU
		{E9E88387-D73E-444C-BCF3-2AD0292D899D}.Release|Any CPU.Build.0 = Release|Any CPU
		{4B288794-927E-42BF-A0CC-B593699DB8DD}.Debug|Any CPU.ActiveCfg = Debug|Any CPU
		{4B288794-927E-42BF-A0CC-B593699DB8DD}.Debug|Any CPU.Build.0 = Debug|Any CPU
		{4B288794-927E-42BF-A0CC-B593699DB8DD}.Release|Any CPU.ActiveCfg = Release|Any CPU
		{4B288794-927E-42BF-A0CC-B593699DB8DD}.Release|Any CPU.Build.0 = Release|Any CPU
	EndGlobalSection
	GlobalSection(SolutionProperties) = preSolution
		HideSolutionNode = FALSE
	EndGlobalSection
	GlobalSection(ExtensibilityGlobals) = postSolution
		SolutionGuid = {F3AACFF8-8C87-45AB-A195-EBE118968DBB}
	EndGlobalSection
EndGlobal
